# This file was autogenerated by Stack.
# You should not edit this file by hand.
# For more information, please see the documentation at:
#   https://docs.haskellstack.org/en/stable/lock_files

packages:
- completed:
    size: 27778677
    subdir: lib/amazonka
    url: https://github.com/brendanhay/amazonka/archive/27322ea0db68712e1c331be4124080144c975750.tar.gz
    name: amazonka
    version: '2.0'
    sha256: 0c88f2936a0b83db4844b5755d3afecfd91fa459adeb2aa5ab7893aca33a3f66
    pantry-tree:
      size: 1318
      sha256: c47de1928b4eab6740f878dfa765194046f7db190f68ba08e0ec448e760faaa5
  original:
    subdir: lib/amazonka
    url: https://github.com/brendanhay/amazonka/archive/27322ea0db68712e1c331be4124080144c975750.tar.gz
- completed:
    size: 27778677
    subdir: lib/amazonka-core
    url: https://github.com/brendanhay/amazonka/archive/27322ea0db68712e1c331be4124080144c975750.tar.gz
    name: amazonka-core
    version: '2.0'
    sha256: 0c88f2936a0b83db4844b5755d3afecfd91fa459adeb2aa5ab7893aca33a3f66
    pantry-tree:
      size: 3117
      sha256: 534681a1299d0388ba542ab4d940f9a2974d24eecfa5de3fc82fa659fd598e99
  original:
    subdir: lib/amazonka-core
    url: https://github.com/brendanhay/amazonka/archive/27322ea0db68712e1c331be4124080144c975750.tar.gz
- completed:
    hackage: aeson-2.0.3.0@sha256:130bda8e10dc6dd159b79b306abb10025d7f8b5d9cbc2f7d6d7e6768a0272058,5845
    pantry-tree:
      size: 38191
      sha256: bccfc5a7259a27aad7e4193f367c3d7d67799f42632fdcb90241c1e9fbb0cf40
  original:
    hackage: aeson-2.0.3.0
- completed:
    hackage: lens-5.1.1@sha256:c86423436b3b301f9882a28cadfebeb10537b2f22ec9690200356389941bd837,14521
    pantry-tree:
      size: 8214
      sha256: 501be2d21ecc9629673b549a62424d9e408190580a24d2a17bc5ca121f1649e6
  original:
    hackage: lens-5.1.1
snapshots:
- completed:
    size: 590102
    url: https://raw.githubusercontent.com/commercialhaskell/stackage-snapshots/master/lts/18/27.yaml
    sha256: 79a786674930a89301b0e908fad2822a48882f3d01486117693c377b8edffdbe
  original: lts-18.27
